// !$*UTF8*$!
{
	archiveVersion = 1;
	classes = {
	};
	objectVersion = 77;
	objects = {

/* Begin PBXBuildFile section */
		0C03E3E93AEAAEAB358CF5C3 /* GroupListView.swift in Sources */ = {isa = PBXBuildFile; fileRef = 8ACA061EE9A732D89FD3E0F3 /* GroupListView.swift */; };
		0C41C7D26198E0DC2C958072 /* AddContactView.swift in Sources */ = {isa = PBXBuildFile; fileRef = E77347A9F53BFBE3E1672671 /* AddContactView.swift */; };
		12FCF35AA80528F2EF325924 /* ContactRowView.swift in Sources */ = {isa = PBXBuildFile; fileRef = 9125614ECAB9E4D8E5428E51 /* ContactRowView.swift */; };
		16BE362388D0211580E586D0 /* TickleScheduler.swift in Sources */ = {isa = PBXBuildFile; fileRef = 00F298878BB7FB2F2C63DC2B /* TickleScheduler.swift */; };
		184D3DD687352B351AB7A501 /* NetworkListView.swift in Sources */ = {isa = PBXBuildFile; fileRef = 02B1CFCC3988DCAF2034813A /* NetworkListView.swift */; };
		20030189F6FC7FC341A0510D /* LaunchScreenView.swift in Sources */ = {isa = PBXBuildFile; fileRef = 0F033D809DFE50DA44209A95 /* LaunchScreenView.swift */; };
		34A284E142196787F146D1B3 /* test_contacts.csv in Resources */ = {isa = PBXBuildFile; fileRef = C3BA80FD4DE962EB1F107E78 /* test_contacts.csv */; };
		353AA993FFB1A862D307ED9F /* Assets.xcassets in Resources */ = {isa = PBXBuildFile; fileRef = 209311518915490C7F72039B /* Assets.xcassets */; };
		43434A6ACC0CD3146036A11C /* TickleSchedulerTests.swift in Sources */ = {isa = PBXBuildFile; fileRef = 0B8316646A179885792C4004 /* TickleSchedulerTests.swift */; };
		4BE808CBAA4EA9D55409DD82 /* ContactImportService.swift in Sources */ = {isa = PBXBuildFile; fileRef = 50AD38DE9F1FCCBD8B82DEED /* ContactImportService.swift */; };
		4C98B38D7EF3EE65F2FD1A58 /* Contact.swift in Sources */ = {isa = PBXBuildFile; fileRef = 63EBB61C7877871E721045C7 /* Contact.swift */; };
		5188A4195E2A5CA01730175F /* MessageTemplate.swift in Sources */ = {isa = PBXBuildFile; fileRef = 72098A45B6ACBC527F5DF0B9 /* MessageTemplate.swift */; };
		568B2F7E2C0A37B9505FFDE4 /* ContactGroup.swift in Sources */ = {isa = PBXBuildFile; fileRef = B5CC789856C13EA9BCE0A6EC /* ContactGroup.swift */; };
		5A2E74BD7F7B979AE5B1C4F3 /* TickleReminder.swift in Sources */ = {isa = PBXBuildFile; fileRef = BB38137353FDCD5606A5A8FF /* TickleReminder.swift */; };
		5C6F6974D1ED58434BB9CFDF /* SettingsView.swift in Sources */ = {isa = PBXBuildFile; fileRef = 53C7E0EBE485C198DCF9669E /* SettingsView.swift */; };
		6A89CDD6B79D3E4E9E4BDBCE /* TickleEditView.swift in Sources */ = {isa = PBXBuildFile; fileRef = CA4BF582AFC377CF7A29ADC9 /* TickleEditView.swift */; };
		7116F3F3FE61E7C0FDF86F7E /* MessageComposerService.swift in Sources */ = {isa = PBXBuildFile; fileRef = CADEFE7A1ADA2B9E3DDBBD81 /* MessageComposerService.swift */; };
		840D3C6377E1F347573EAE19 /* TemplateEditView.swift in Sources */ = {isa = PBXBuildFile; fileRef = E5F765EEB318998C9E229F0F /* TemplateEditView.swift */; };
		87572A827C3A4DED6D5E968C /* ContentView.swift in Sources */ = {isa = PBXBuildFile; fileRef = 5CA413473ADA828136F21753 /* ContentView.swift */; };
		8BB34E5F91AFE802C9B16626 /* ImportView.swift in Sources */ = {isa = PBXBuildFile; fileRef = 8FBD25432AF93E7B78C501EE /* ImportView.swift */; };
		8CF13461108C2CC7E64EB847 /* SeedDataService.swift in Sources */ = {isa = PBXBuildFile; fileRef = 9413278558DA1F8BBE00FF96 /* SeedDataService.swift */; };
		919527C153F058BE1EDA72A3 /* LocalizationTests.swift in Sources */ = {isa = PBXBuildFile; fileRef = 7A27D41F38F9FB5871748B89 /* LocalizationTests.swift */; };
		9283E70E0707CC70CFA0AD0F /* ContactTests.swift in Sources */ = {isa = PBXBuildFile; fileRef = 10D31DBFE56E32631DD7B650 /* ContactTests.swift */; };
		949EFAA2F52FC214F6E65F95 /* TickleRowView.swift in Sources */ = {isa = PBXBuildFile; fileRef = AB2BE0559EF55B0E2A1DDE54 /* TickleRowView.swift */; };
		984F8919395A52436BA23ECC /* Localizable.xcstrings in Resources */ = {isa = PBXBuildFile; fileRef = 52B2D827FDB5FDABB740E34A /* Localizable.xcstrings */; };
		9CA0D612EF182E101FDE37A4 /* LinkedInCSVParserTests.swift in Sources */ = {isa = PBXBuildFile; fileRef = 30D196741B99B788C9E325C3 /* LinkedInCSVParserTests.swift */; };
		AF7B9499DE3B99B9194191B5 /* GroupDetailView.swift in Sources */ = {isa = PBXBuildFile; fileRef = 033862D2DB3D8A467AAFFA5D /* GroupDetailView.swift */; };
		CCCCA1639CE5316D17A6AE7E /* LinkedInCSVParser.swift in Sources */ = {isa = PBXBuildFile; fileRef = 0EFE5D9B2591E4B4A53F5EEC /* LinkedInCSVParser.swift */; };
		D2644F8AB791907856A6E389 /* ComposeView.swift in Sources */ = {isa = PBXBuildFile; fileRef = E07B4E4B1B6C11A40612610C /* ComposeView.swift */; };
		D85DBFDBA2D0DACA843EA1A9 /* ContactDetailView.swift in Sources */ = {isa = PBXBuildFile; fileRef = A60220490DD5F5ED7374E537 /* ContactDetailView.swift */; };
		E01711F3B9475DEFFD7DDDD4 /* OnboardingView.swift in Sources */ = {isa = PBXBuildFile; fileRef = 977BE8990F41F718C2693EFD /* OnboardingView.swift */; };
		EB7DAC0AD2F9B1BEF8BED719 /* ContactFingerprint.swift in Sources */ = {isa = PBXBuildFile; fileRef = 1D98A08F7576CDC556F9440C /* ContactFingerprint.swift */; };
		F01FB1D28CE1BD691A9DD989 /* TemplateListView.swift in Sources */ = {isa = PBXBuildFile; fileRef = AA698C2842FF3F307B474724 /* TemplateListView.swift */; };
		F48BE3B2B06B47E783EAAC70 /* SITApp.swift in Sources */ = {isa = PBXBuildFile; fileRef = B1887449FF664ADCCCB1BFC3 /* SITApp.swift */; };
		FCEBEAFB511E04C6C968B5BA /* TickleListView.swift in Sources */ = {isa = PBXBuildFile; fileRef = A933C06096E53F2DAD773D26 /* TickleListView.swift */; };
/* End PBXBuildFile section */

/* Begin PBXContainerItemProxy section */
		A5DC26CDE387B33113AF29A7 /* PBXContainerItemProxy */ = {
			isa = PBXContainerItemProxy;
			containerPortal = A5D2D54CCBEE20463A2C48F7 /* Project object */;
			proxyType = 1;
			remoteGlobalIDString = 1CADC66CDEC975B92B6E11C1;
			remoteInfo = Ticklr;
		};
/* End PBXContainerItemProxy section */

/* Begin PBXFileReference section */
		00F298878BB7FB2F2C63DC2B /* TickleScheduler.swift */ = {isa = PBXFileReference; lastKnownFileType = sourcecode.swift; path = TickleScheduler.swift; sourceTree = "<group>"; };
		02B1CFCC3988DCAF2034813A /* NetworkListView.swift */ = {isa = PBXFileReference; lastKnownFileType = sourcecode.swift; path = NetworkListView.swift; sourceTree = "<group>"; };
		033862D2DB3D8A467AAFFA5D /* GroupDetailView.swift */ = {isa = PBXFileReference; lastKnownFileType = sourcecode.swift; path = GroupDetailView.swift; sourceTree = "<group>"; };
		0A9EDE946F2D00EC70ED4A84 /* Info.plist */ = {isa = PBXFileReference; lastKnownFileType = text.plist; path = Info.plist; sourceTree = "<group>"; };
		0B8316646A179885792C4004 /* TickleSchedulerTests.swift */ = {isa = PBXFileReference; lastKnownFileType = sourcecode.swift; path = TickleSchedulerTests.swift; sourceTree = "<group>"; };
		0EFE5D9B2591E4B4A53F5EEC /* LinkedInCSVParser.swift */ = {isa = PBXFileReference; lastKnownFileType = sourcecode.swift; path = LinkedInCSVParser.swift; sourceTree = "<group>"; };
		0F033D809DFE50DA44209A95 /* LaunchScreenView.swift */ = {isa = PBXFileReference; lastKnownFileType = sourcecode.swift; path = LaunchScreenView.swift; sourceTree = "<group>"; };
		10D31DBFE56E32631DD7B650 /* ContactTests.swift */ = {isa = PBXFileReference; lastKnownFileType = sourcecode.swift; path = ContactTests.swift; sourceTree = "<group>"; };
		1D98A08F7576CDC556F9440C /* ContactFingerprint.swift */ = {isa = PBXFileReference; lastKnownFileType = sourcecode.swift; path = ContactFingerprint.swift; sourceTree = "<group>"; };
		209311518915490C7F72039B /* Assets.xcassets */ = {isa = PBXFileReference; lastKnownFileType = folder.assetcatalog; path = Assets.xcassets; sourceTree = "<group>"; };
		30D196741B99B788C9E325C3 /* LinkedInCSVParserTests.swift */ = {isa = PBXFileReference; lastKnownFileType = sourcecode.swift; path = LinkedInCSVParserTests.swift; sourceTree = "<group>"; };
		45775744E6927B98A73B2CAC /* Ticklr.app */ = {isa = PBXFileReference; includeInIndex = 0; lastKnownFileType = wrapper.application; path = Ticklr.app; sourceTree = BUILT_PRODUCTS_DIR; };
		49E849839D5DE00393F1F990 /* TicklrTests.xctest */ = {isa = PBXFileReference; includeInIndex = 0; lastKnownFileType = wrapper.cfbundle; path = TicklrTests.xctest; sourceTree = BUILT_PRODUCTS_DIR; };
		50AD38DE9F1FCCBD8B82DEED /* ContactImportService.swift */ = {isa = PBXFileReference; lastKnownFileType = sourcecode.swift; path = ContactImportService.swift; sourceTree = "<group>"; };
		52B2D827FDB5FDABB740E34A /* Localizable.xcstrings */ = {isa = PBXFileReference; lastKnownFileType = text.json.xcstrings; path = Localizable.xcstrings; sourceTree = "<group>"; };
		53C7E0EBE485C198DCF9669E /* SettingsView.swift */ = {isa = PBXFileReference; lastKnownFileType = sourcecode.swift; path = SettingsView.swift; sourceTree = "<group>"; };
		5CA413473ADA828136F21753 /* ContentView.swift */ = {isa = PBXFileReference; lastKnownFileType = sourcecode.swift; path = ContentView.swift; sourceTree = "<group>"; };
		63EBB61C7877871E721045C7 /* Contact.swift */ = {isa = PBXFileReference; lastKnownFileType = sourcecode.swift; path = Contact.swift; sourceTree = "<group>"; };
		72098A45B6ACBC527F5DF0B9 /* MessageTemplate.swift */ = {isa = PBXFileReference; lastKnownFileType = sourcecode.swift; path = MessageTemplate.swift; sourceTree = "<group>"; };
		7A27D41F38F9FB5871748B89 /* LocalizationTests.swift */ = {isa = PBXFileReference; lastKnownFileType = sourcecode.swift; path = LocalizationTests.swift; sourceTree = "<group>"; };
		8ACA061EE9A732D89FD3E0F3 /* GroupListView.swift */ = {isa = PBXFileReference; lastKnownFileType = sourcecode.swift; path = GroupListView.swift; sourceTree = "<group>"; };
		8FBD25432AF93E7B78C501EE /* ImportView.swift */ = {isa = PBXFileReference; lastKnownFileType = sourcecode.swift; path = ImportView.swift; sourceTree = "<group>"; };
		9125614ECAB9E4D8E5428E51 /* ContactRowView.swift */ = {isa = PBXFileReference; lastKnownFileType = sourcecode.swift; path = ContactRowView.swift; sourceTree = "<group>"; };
		9413278558DA1F8BBE00FF96 /* SeedDataService.swift */ = {isa = PBXFileReference; lastKnownFileType = sourcecode.swift; path = SeedDataService.swift; sourceTree = "<group>"; };
		977BE8990F41F718C2693EFD /* OnboardingView.swift */ = {isa = PBXFileReference; lastKnownFileType = sourcecode.swift; path = OnboardingView.swift; sourceTree = "<group>"; };
		A60220490DD5F5ED7374E537 /* ContactDetailView.swift */ = {isa = PBXFileReference; lastKnownFileType = sourcecode.swift; path = ContactDetailView.swift; sourceTree = "<group>"; };
		A933C06096E53F2DAD773D26 /* TickleListView.swift */ = {isa = PBXFileReference; lastKnownFileType = sourcecode.swift; path = TickleListView.swift; sourceTree = "<group>"; };
		AA698C2842FF3F307B474724 /* TemplateListView.swift */ = {isa = PBXFileReference; lastKnownFileType = sourcecode.swift; path = TemplateListView.swift; sourceTree = "<group>"; };
		AB2BE0559EF55B0E2A1DDE54 /* TickleRowView.swift */ = {isa = PBXFileReference; lastKnownFileType = sourcecode.swift; path = TickleRowView.swift; sourceTree = "<group>"; };
		B1887449FF664ADCCCB1BFC3 /* SITApp.swift */ = {isa = PBXFileReference; lastKnownFileType = sourcecode.swift; path = SITApp.swift; sourceTree = "<group>"; };
		B5CC789856C13EA9BCE0A6EC /* ContactGroup.swift */ = {isa = PBXFileReference; lastKnownFileType = sourcecode.swift; path = ContactGroup.swift; sourceTree = "<group>"; };
		BB38137353FDCD5606A5A8FF /* TickleReminder.swift */ = {isa = PBXFileReference; lastKnownFileType = sourcecode.swift; path = TickleReminder.swift; sourceTree = "<group>"; };
		C3BA80FD4DE962EB1F107E78 /* test_contacts.csv */ = {isa = PBXFileReference; path = test_contacts.csv; sourceTree = "<group>"; };
		CA4BF582AFC377CF7A29ADC9 /* TickleEditView.swift */ = {isa = PBXFileReference; lastKnownFileType = sourcecode.swift; path = TickleEditView.swift; sourceTree = "<group>"; };
		CADEFE7A1ADA2B9E3DDBBD81 /* MessageComposerService.swift */ = {isa = PBXFileReference; lastKnownFileType = sourcecode.swift; path = MessageComposerService.swift; sourceTree = "<group>"; };
		E07B4E4B1B6C11A40612610C /* ComposeView.swift */ = {isa = PBXFileReference; lastKnownFileType = sourcecode.swift; path = ComposeView.swift; sourceTree = "<group>"; };
		E5F765EEB318998C9E229F0F /* TemplateEditView.swift */ = {isa = PBXFileReference; lastKnownFileType = sourcecode.swift; path = TemplateEditView.swift; sourceTree = "<group>"; };
		E77347A9F53BFBE3E1672671 /* AddContactView.swift */ = {isa = PBXFileReference; lastKnownFileType = sourcecode.swift; path = AddContactView.swift; sourceTree = "<group>"; };
/* End PBXFileReference section */

/* Begin PBXGroup section */
		04D0E0B997D54CDC9E47B531 /* Network */ = {
			isa = PBXGroup;
			children = (
				E77347A9F53BFBE3E1672671 /* AddContactView.swift */,
				A60220490DD5F5ED7374E537 /* ContactDetailView.swift */,
				9125614ECAB9E4D8E5428E51 /* ContactRowView.swift */,
				033862D2DB3D8A467AAFFA5D /* GroupDetailView.swift */,
				8ACA061EE9A732D89FD3E0F3 /* GroupListView.swift */,
				02B1CFCC3988DCAF2034813A /* NetworkListView.swift */,
			);
			path = Network;
			sourceTree = "<group>";
		};
		0D6841B1D956528FBDA59DEB /* Resources */ = {
			isa = PBXGroup;
			children = (
				209311518915490C7F72039B /* Assets.xcassets */,
				0A9EDE946F2D00EC70ED4A84 /* Info.plist */,
				52B2D827FDB5FDABB740E34A /* Localizable.xcstrings */,
				C3BA80FD4DE962EB1F107E78 /* test_contacts.csv */,
			);
			path = Resources;
			sourceTree = "<group>";
		};
		16BA4BF3954F9E307BBE0AA8 /* Compose */ = {
			isa = PBXGroup;
			children = (
				E07B4E4B1B6C11A40612610C /* ComposeView.swift */,
			);
			path = Compose;
			sourceTree = "<group>";
		};
		19FBD3B5DE9B723F24932E42 = {
			isa = PBXGroup;
			children = (
				C532A26F70A9D247411068B0 /* SIT */,
				60300655470A93BADC68B71C /* SITTests */,
				B9E711472E0A67C680D625C7 /* Products */,
			);
			sourceTree = "<group>";
		};
		2E2FF0E4EF31EA346F503C6F /* Views */ = {
			isa = PBXGroup;
			children = (
				16BA4BF3954F9E307BBE0AA8 /* Compose */,
				04D0E0B997D54CDC9E47B531 /* Network */,
				38AE8D59BE6A7951737BF4A1 /* Onboarding */,
				64A945003494BD80EC9A3181 /* Settings */,
				79DA010937C896B33F1B0252 /* Tickle */,
			);
			path = Views;
			sourceTree = "<group>";
		};
		38AE8D59BE6A7951737BF4A1 /* Onboarding */ = {
			isa = PBXGroup;
			children = (
				8FBD25432AF93E7B78C501EE /* ImportView.swift */,
				977BE8990F41F718C2693EFD /* OnboardingView.swift */,
			);
			path = Onboarding;
			sourceTree = "<group>";
		};
		5FE5E5957C326CA6016DA08F /* App */ = {
			isa = PBXGroup;
			children = (
				5CA413473ADA828136F21753 /* ContentView.swift */,
				0F033D809DFE50DA44209A95 /* LaunchScreenView.swift */,
				B1887449FF664ADCCCB1BFC3 /* SITApp.swift */,
			);
			path = App;
			sourceTree = "<group>";
		};
		60300655470A93BADC68B71C /* SITTests */ = {
			isa = PBXGroup;
			children = (
				10D31DBFE56E32631DD7B650 /* ContactTests.swift */,
				30D196741B99B788C9E325C3 /* LinkedInCSVParserTests.swift */,
				7A27D41F38F9FB5871748B89 /* LocalizationTests.swift */,
				0B8316646A179885792C4004 /* TickleSchedulerTests.swift */,
			);
			name = SITTests;
			path = Tests/SITTests;
			sourceTree = "<group>";
		};
		64A945003494BD80EC9A3181 /* Settings */ = {
			isa = PBXGroup;
			children = (
				53C7E0EBE485C198DCF9669E /* SettingsView.swift */,
				E5F765EEB318998C9E229F0F /* TemplateEditView.swift */,
				AA698C2842FF3F307B474724 /* TemplateListView.swift */,
			);
			path = Settings;
			sourceTree = "<group>";
		};
		79DA010937C896B33F1B0252 /* Tickle */ = {
			isa = PBXGroup;
			children = (
				CA4BF582AFC377CF7A29ADC9 /* TickleEditView.swift */,
				A933C06096E53F2DAD773D26 /* TickleListView.swift */,
				AB2BE0559EF55B0E2A1DDE54 /* TickleRowView.swift */,
			);
			path = Tickle;
			sourceTree = "<group>";
		};
		965C7FB9B3951DB86AD5C169 /* Models */ = {
			isa = PBXGroup;
			children = (
				63EBB61C7877871E721045C7 /* Contact.swift */,
				B5CC789856C13EA9BCE0A6EC /* ContactGroup.swift */,
				72098A45B6ACBC527F5DF0B9 /* MessageTemplate.swift */,
				BB38137353FDCD5606A5A8FF /* TickleReminder.swift */,
			);
			path = Models;
			sourceTree = "<group>";
		};
		B9E711472E0A67C680D625C7 /* Products */ = {
			isa = PBXGroup;
			children = (
				45775744E6927B98A73B2CAC /* Ticklr.app */,
				49E849839D5DE00393F1F990 /* TicklrTests.xctest */,
			);
			name = Products;
			sourceTree = "<group>";
		};
		C532A26F70A9D247411068B0 /* SIT */ = {
			isa = PBXGroup;
			children = (
				5FE5E5957C326CA6016DA08F /* App */,
				965C7FB9B3951DB86AD5C169 /* Models */,
				0D6841B1D956528FBDA59DEB /* Resources */,
				E7BA9F90FAAE44CD99FEE7EC /* Services */,
				2E2FF0E4EF31EA346F503C6F /* Views */,
			);
			name = SIT;
			path = Sources/SIT;
			sourceTree = "<group>";
		};
		E7BA9F90FAAE44CD99FEE7EC /* Services */ = {
			isa = PBXGroup;
			children = (
				1D98A08F7576CDC556F9440C /* ContactFingerprint.swift */,
				50AD38DE9F1FCCBD8B82DEED /* ContactImportService.swift */,
				0EFE5D9B2591E4B4A53F5EEC /* LinkedInCSVParser.swift */,
				CADEFE7A1ADA2B9E3DDBBD81 /* MessageComposerService.swift */,
				9413278558DA1F8BBE00FF96 /* SeedDataService.swift */,
				00F298878BB7FB2F2C63DC2B /* TickleScheduler.swift */,
			);
			path = Services;
			sourceTree = "<group>";
		};
/* End PBXGroup section */

/* Begin PBXNativeTarget section */
		1CADC66CDEC975B92B6E11C1 /* Ticklr */ = {
			isa = PBXNativeTarget;
			buildConfigurationList = A60F1F0EAA90B225EED52E40 /* Build configuration list for PBXNativeTarget "Ticklr" */;
			buildPhases = (
				09D936D7CEFA9598925D6336 /* Sources */,
				0475A16C1DE763B86E0DD15E /* Resources */,
			);
			buildRules = (
			);
			dependencies = (
			);
			name = Ticklr;
			packageProductDependencies = (
			);
			productName = Ticklr;
			productReference = 45775744E6927B98A73B2CAC /* Ticklr.app */;
			productType = "com.apple.product-type.application";
		};
		659D71ADC995ABBCE6F3FA86 /* TicklrTests */ = {
			isa = PBXNativeTarget;
			buildConfigurationList = 9B5A7C0CB687F086F447159A /* Build configuration list for PBXNativeTarget "TicklrTests" */;
			buildPhases = (
				CE51D64CBBEE230A290345F1 /* Sources */,
			);
			buildRules = (
			);
			dependencies = (
				571D3599E26F7E2453C5373C /* PBXTargetDependency */,
			);
			name = TicklrTests;
			packageProductDependencies = (
			);
			productName = TicklrTests;
			productReference = 49E849839D5DE00393F1F990 /* TicklrTests.xctest */;
			productType = "com.apple.product-type.bundle.unit-test";
		};
/* End PBXNativeTarget section */

/* Begin PBXProject section */
		A5D2D54CCBEE20463A2C48F7 /* Project object */ = {
			isa = PBXProject;
			attributes = {
				BuildIndependentTargetsInParallel = YES;
				LastUpgradeCheck = 1600;
				TargetAttributes = {
					1CADC66CDEC975B92B6E11C1 = {
						DevelopmentTeam = "";
					};
					659D71ADC995ABBCE6F3FA86 = {
						DevelopmentTeam = "";
					};
				};
			};
			buildConfigurationList = AC48426003E1810AF25784DA /* Build configuration list for PBXProject "SIT" */;
			developmentRegion = en;
			hasScannedForEncodings = 0;
			knownRegions = (
				Base,
				cs,
				de,
				el,
				en,
				es,
				fr,
				hu,
				it,
				nl,
				pl,
				pt,
				ro,
				sv,
			);
			mainGroup = 19FBD3B5DE9B723F24932E42;
			minimizedProjectReferenceProxies = 1;
			preferredProjectObjectVersion = 77;
			productRefGroup = B9E711472E0A67C680D625C7 /* Products */;
			projectDirPath = "";
			projectRoot = "";
			targets = (
				1CADC66CDEC975B92B6E11C1 /* Ticklr */,
				659D71ADC995ABBCE6F3FA86 /* TicklrTests */,
			);
		};
/* End PBXProject section */

/* Begin PBXResourcesBuildPhase section */
		0475A16C1DE763B86E0DD15E /* Resources */ = {
			isa = PBXResourcesBuildPhase;
			buildActionMask = 2147483647;
			files = (
				353AA993FFB1A862D307ED9F /* Assets.xcassets in Resources */,
				984F8919395A52436BA23ECC /* Localizable.xcstrings in Resources */,
				34A284E142196787F146D1B3 /* test_contacts.csv in Resources */,
			);
			runOnlyForDeploymentPostprocessing = 0;
		};
/* End PBXResourcesBuildPhase section */

/* Begin PBXSourcesBuildPhase section */
		09D936D7CEFA9598925D6336 /* Sources */ = {
			isa = PBXSourcesBuildPhase;
			buildActionMask = 2147483647;
			files = (
				0C41C7D26198E0DC2C958072 /* AddContactView.swift in Sources */,
				D2644F8AB791907856A6E389 /* ComposeView.swift in Sources */,
				4C98B38D7EF3EE65F2FD1A58 /* Contact.swift in Sources */,
				D85DBFDBA2D0DACA843EA1A9 /* ContactDetailView.swift in Sources */,
				EB7DAC0AD2F9B1BEF8BED719 /* ContactFingerprint.swift in Sources */,
				568B2F7E2C0A37B9505FFDE4 /* ContactGroup.swift in Sources */,
				4BE808CBAA4EA9D55409DD82 /* ContactImportService.swift in Sources */,
				12FCF35AA80528F2EF325924 /* ContactRowView.swift in Sources */,
				87572A827C3A4DED6D5E968C /* ContentView.swift in Sources */,
				AF7B9499DE3B99B9194191B5 /* GroupDetailView.swift in Sources */,
				0C03E3E93AEAAEAB358CF5C3 /* GroupListView.swift in Sources */,
				8BB34E5F91AFE802C9B16626 /* ImportView.swift in Sources */,
				20030189F6FC7FC341A0510D /* LaunchScreenView.swift in Sources */,
				CCCCA1639CE5316D17A6AE7E /* LinkedInCSVParser.swift in Sources */,
				7116F3F3FE61E7C0FDF86F7E /* MessageComposerService.swift in Sources */,
				5188A4195E2A5CA01730175F /* MessageTemplate.swift in Sources */,
				184D3DD687352B351AB7A501 /* NetworkListView.swift in Sources */,
				E01711F3B9475DEFFD7DDDD4 /* OnboardingView.swift in Sources */,
				F48BE3B2B06B47E783EAAC70 /* SITApp.swift in Sources */,
				8CF13461108C2CC7E64EB847 /* SeedDataService.swift in Sources */,
				5C6F6974D1ED58434BB9CFDF /* SettingsView.swift in Sources */,
				840D3C6377E1F347573EAE19 /* TemplateEditView.swift in Sources */,
				F01FB1D28CE1BD691A9DD989 /* TemplateListView.swift in Sources */,
				6A89CDD6B79D3E4E9E4BDBCE /* TickleEditView.swift in Sources */,
				FCEBEAFB511E04C6C968B5BA /* TickleListView.swift in Sources */,
				5A2E74BD7F7B979AE5B1C4F3 /* TickleReminder.swift in Sources */,
				949EFAA2F52FC214F6E65F95 /* TickleRowView.swift in Sources */,
				16BE362388D0211580E586D0 /* TickleScheduler.swift in Sources */,
			);
			runOnlyForDeploymentPostprocessing = 0;
		};
		CE51D64CBBEE230A290345F1 /* Sources */ = {
			isa = PBXSourcesBuildPhase;
			buildActionMask = 2147483647;
			files = (
				9283E70E0707CC70CFA0AD0F /* ContactTests.swift in Sources */,
				9CA0D612EF182E101FDE37A4 /* LinkedInCSVParserTests.swift in Sources */,
				919527C153F058BE1EDA72A3 /* LocalizationTests.swift in Sources */,
				43434A6ACC0CD3146036A11C /* TickleSchedulerTests.swift in Sources */,
			);
			runOnlyForDeploymentPostprocessing = 0;
		};
/* End PBXSourcesBuildPhase section */

/* Begin PBXTargetDependency section */
		571D3599E26F7E2453C5373C /* PBXTargetDependency */ = {
			isa = PBXTargetDependency;
			target = 1CADC66CDEC975B92B6E11C1 /* Ticklr */;
			targetProxy = A5DC26CDE387B33113AF29A7 /* PBXContainerItemProxy */;
		};
/* End PBXTargetDependency section */

/* Begin XCBuildConfiguration section */
		1E7C63571427392CD9A5A9DA /* Release */ = {
			isa = XCBuildConfiguration;
			buildSettings = {
				ASSETCATALOG_COMPILER_APPICON_NAME = AppIcon;
				CODE_SIGN_IDENTITY = "iPhone Developer";
				INFOPLIST_FILE = Sources/SIT/Resources/Info.plist;
				LD_RUNPATH_SEARCH_PATHS = (
					"$(inherited)",
					"@executable_path/Frameworks",
				);
				PRODUCT_BUNDLE_IDENTIFIER = com.xaymaca.sit;
				SDKROOT = iphoneos;
				TARGETED_DEVICE_FAMILY = 1;
			};
			name = Release;
		};
		31D4B24CFC329274435BCCD9 /* Debug */ = {
			isa = XCBuildConfiguration;
			buildSettings = {
				ASSETCATALOG_COMPILER_APPICON_NAME = AppIcon;
				CODE_SIGN_IDENTITY = "iPhone Developer";
				INFOPLIST_FILE = Sources/SIT/Resources/Info.plist;
				LD_RUNPATH_SEARCH_PATHS = (
					"$(inherited)",
					"@executable_path/Frameworks",
				);
				PRODUCT_BUNDLE_IDENTIFIER = com.xaymaca.sit;
				SDKROOT = iphoneos;
				TARGETED_DEVICE_FAMILY = 1;
			};
			name = Debug;
		};
		502DF3D2408C68B532D4EE51 /* Release */ = {
			isa = XCBuildConfiguration;
			buildSettings = {
				BUNDLE_LOADER = "$(TEST_HOST)";
				GENERATE_INFOPLIST_FILE = YES;
				LD_RUNPATH_SEARCH_PATHS = (
					"$(inherited)",
					"@executable_path/Frameworks",
					"@loader_path/Frameworks",
				);
				PRODUCT_BUNDLE_IDENTIFIER = com.xaymaca.sit.tests;
				PRODUCT_NAME = TicklrTests;
				SDKROOT = iphoneos;
				SWIFT_VERSION = 6.0;
				TARGETED_DEVICE_FAMILY = "1,2";
				TEST_HOST = "$(BUILT_PRODUCTS_DIR)/Ticklr.app/Ticklr";
			};
			name = Release;
		};
		73F2218FE6EA378E0ACFF10A /* Release */ = {
			isa = XCBuildConfiguration;
			buildSettings = {
				ALWAYS_SEARCH_USER_PATHS = NO;
				CLANG_ANALYZER_NONNULL = YES;
				CLANG_ANALYZER_NUMBER_OBJECT_CONVERSION = YES_AGGRESSIVE;
				CLANG_CXX_LANGUAGE_STANDARD = "gnu++14";
				CLANG_CXX_LIBRARY = "libc++";
				CLANG_ENABLE_MODULES = YES;
				CLANG_ENABLE_OBJC_ARC = YES;
				CLANG_ENABLE_OBJC_WEAK = YES;
				CLANG_WARN_BLOCK_CAPTURE_AUTORELEASING = YES;
				CLANG_WARN_BOOL_CONVERSION = YES;
				CLANG_WARN_COMMA = YES;
				CLANG_WARN_CONSTANT_CONVERSION = YES;
				CLANG_WARN_DEPRECATED_OBJC_IMPLEMENTATIONS = YES;
				CLANG_WARN_DIRECT_OBJC_ISA_USAGE = YES_ERROR;
				CLANG_WARN_DOCUMENTATION_COMMENTS = YES;
				CLANG_WARN_EMPTY_BODY = YES;
				CLANG_WARN_ENUM_CONVERSION = YES;
				CLANG_WARN_INFINITE_RECURSION = YES;
				CLANG_WARN_INT_CONVERSION = YES;
				CLANG_WARN_NON_LITERAL_NULL_CONVERSION = YES;
				CLANG_WARN_OBJC_IMPLICIT_RETAIN_SELF = YES;
				CLANG_WARN_OBJC_LITERAL_CONVERSION = YES;
				CLANG_WARN_OBJC_ROOT_CLASS = YES_ERROR;
				CLANG_WARN_QUOTED_INCLUDE_IN_FRAMEWORK_HEADER = YES;
				CLANG_WARN_RANGE_LOOP_ANALYSIS = YES;
				CLANG_WARN_STRICT_PROTOTYPES = YES;
				CLANG_WARN_SUSPICIOUS_MOVE = YES;
				CLANG_WARN_UNGUARDED_AVAILABILITY = YES_AGGRESSIVE;
				CLANG_WARN_UNREACHABLE_CODE = YES;
				CLANG_WARN__DUPLICATE_METHOD_MATCH = YES;
				COPY_PHASE_STRIP = NO;
				CURRENT_PROJECT_VERSION = 16;
				DEBUG_INFORMATION_FORMAT = "dwarf-with-dsym";
				DEVELOPMENT_TEAM = "";
				ENABLE_NS_ASSERTIONS = NO;
				ENABLE_STRICT_OBJC_MSGSEND = YES;
				GCC_C_LANGUAGE_STANDARD = gnu11;
				GCC_NO_COMMON_BLOCKS = YES;
				GCC_WARN_64_TO_32_BIT_CONVERSION = YES;
				GCC_WARN_ABOUT_RETURN_TYPE = YES_ERROR;
				GCC_WARN_UNDECLARED_SELECTOR = YES;
				GCC_WARN_UNINITIALIZED_AUTOS = YES_AGGRESSIVE;
				GCC_WARN_UNUSED_FUNCTION = YES;
				GCC_WARN_UNUSED_VARIABLE = YES;
				IPHONEOS_DEPLOYMENT_TARGET = 17.0;
				MARKETING_VERSION = 1.5.0;
				MTL_ENABLE_DEBUG_INFO = NO;
				MTL_FAST_MATH = YES;
				PRODUCT_NAME = Ticklr;
				SDKROOT = iphoneos;
				SWIFT_COMPILATION_MODE = wholemodule;
				SWIFT_OPTIMIZATION_LEVEL = "-O";
				SWIFT_VERSION = 6.0;
			};
			name = Release;
		};
		D2A51B52D05DC79BE5C14C79 /* Debug */ = {
			isa = XCBuildConfiguration;
			buildSettings = {
				BUNDLE_LOADER = "$(TEST_HOST)";
				GENERATE_INFOPLIST_FILE = YES;
				LD_RUNPATH_SEARCH_PATHS = (
					"$(inherited)",
					"@executable_path/Frameworks",
					"@loader_path/Frameworks",
				);
				PRODUCT_BUNDLE_IDENTIFIER = com.xaymaca.sit.tests;
				PRODUCT_NAME = TicklrTests;
				SDKROOT = iphoneos;
				SWIFT_VERSION = 6.0;
				TARGETED_DEVICE_FAMILY = "1,2";
				TEST_HOST = "$(BUILT_PRODUCTS_DIR)/Ticklr.app/Ticklr";
			};
			name = Debug;
		};
		F42FBFCD720A70DA29D3F247 /* Debug */ = {
			isa = XCBuildConfiguration;
			buildSettings = {
				ALWAYS_SEARCH_USER_PATHS = NO;
				CLANG_ANALYZER_NONNULL = YES;
				CLANG_ANALYZER_NUMBER_OBJECT_CONVERSION = YES_AGGRESSIVE;
				CLANG_CXX_LANGUAGE_STANDARD = "gnu++14";
				CLANG_CXX_LIBRARY = "libc++";
				CLANG_ENABLE_MODULES = YES;
				CLANG_ENABLE_OBJC_ARC = YES;
				CLANG_ENABLE_OBJC_WEAK = YES;
				CLANG_WARN_BLOCK_CAPTURE_AUTORELEASING = YES;
				CLANG_WARN_BOOL_CONVERSION = YES;
				CLANG_WARN_COMMA = YES;
				CLANG_WARN_CONSTANT_CONVERSION = YES;
				CLANG_WARN_DEPRECATED_OBJC_IMPLEMENTATIONS = YES;
				CLANG_WARN_DIRECT_OBJC_ISA_USAGE = YES_ERROR;
				CLANG_WARN_DOCUMENTATION_COMMENTS = YES;
				CLANG_WARN_EMPTY_BODY = YES;
				CLANG_WARN_ENUM_CONVERSION = YES;
				CLANG_WARN_INFINITE_RECURSION = YES;
				CLANG_WARN_INT_CONVERSION = YES;
				CLANG_WARN_NON_LITERAL_NULL_CONVERSION = YES;
				CLANG_WARN_OBJC_IMPLICIT_RETAIN_SELF = YES;
				CLANG_WARN_OBJC_LITERAL_CONVERSION = YES;
				CLANG_WARN_OBJC_ROOT_CLASS = YES_ERROR;
				CLANG_WARN_QUOTED_INCLUDE_IN_FRAMEWORK_HEADER = YES;
				CLANG_WARN_RANGE_LOOP_ANALYSIS = YES;
				CLANG_WARN_STRICT_PROTOTYPES = YES;
				CLANG_WARN_SUSPICIOUS_MOVE = YES;
				CLANG_WARN_UNGUARDED_AVAILABILITY = YES_AGGRESSIVE;
				CLANG_WARN_UNREACHABLE_CODE = YES;
				CLANG_WARN__DUPLICATE_METHOD_MATCH = YES;
				COPY_PHASE_STRIP = NO;
				CURRENT_PROJECT_VERSION = 16;
				DEBUG_INFORMATION_FORMAT = dwarf;
				DEVELOPMENT_TEAM = "";
				ENABLE_STRICT_OBJC_MSGSEND = YES;
				ENABLE_TESTABILITY = YES;
				GCC_C_LANGUAGE_STANDARD = gnu11;
				GCC_DYNAMIC_NO_PIC = NO;
				GCC_NO_COMMON_BLOCKS = YES;
				GCC_OPTIMIZATION_LEVEL = 0;
				GCC_PREPROCESSOR_DEFINITIONS = (
					"$(inherited)",
					"DEBUG=1",
				);
				GCC_WARN_64_TO_32_BIT_CONVERSION = YES;
				GCC_WARN_ABOUT_RETURN_TYPE = YES_ERROR;
				GCC_WARN_UNDECLARED_SELECTOR = YES;
				GCC_WARN_UNINITIALIZED_AUTOS = YES_AGGRESSIVE;
				GCC_WARN_UNUSED_FUNCTION = YES;
				GCC_WARN_UNUSED_VARIABLE = YES;
				IPHONEOS_DEPLOYMENT_TARGET = 17.0;
				MARKETING_VERSION = 1.5.0;
				MTL_ENABLE_DEBUG_INFO = INCLUDE_SOURCE;
				MTL_FAST_MATH = YES;
				ONLY_ACTIVE_ARCH = YES;
				PRODUCT_NAME = Ticklr;
				SDKROOT = iphoneos;
				SWIFT_ACTIVE_COMPILATION_CONDITIONS = DEBUG;
				SWIFT_OPTIMIZATION_LEVEL = "-Onone";
				SWIFT_VERSION = 6.0;
			};
			name = Debug;
		};
/* End XCBuildConfiguration section */

/* Begin XCConfigurationList section */
		9B5A7C0CB687F086F447159A /* Build configuration list for PBXNativeTarget "TicklrTests" */ = {
			isa = XCConfigurationList;
			buildConfigurations = (
				D2A51B52D05DC79BE5C14C79 /* Debug */,
				502DF3D2408C68B532D4EE51 /* Release */,
			);
			defaultConfigurationIsVisible = 0;
			defaultConfigurationName = Debug;
		};
		A60F1F0EAA90B225EED52E40 /* Build configuration list for PBXNativeTarget "Ticklr" */ = {
			isa = XCConfigurationList;
			buildConfigurations = (
				31D4B24CFC329274435BCCD9 /* Debug */,
				1E7C63571427392CD9A5A9DA /* Release */,
			);
			defaultConfigurationIsVisible = 0;
			defaultConfigurationName = Debug;
		};
		AC48426003E1810AF25784DA /* Build configuration list for PBXProject "SIT" */ = {
			isa = XCConfigurationList;
			buildConfigurations = (
				F42FBFCD720A70DA29D3F247 /* Debug */,
				73F2218FE6EA378E0ACFF10A /* Release */,
			);
			defaultConfigurationIsVisible = 0;
			defaultConfigurationName = Debug;
		};
/* End XCConfigurationList section */
	};
	rootObject = A5D2D54CCBEE20463A2C48F7 /* Project object */;
}
